
Microsoft Visual Studio Solution File, Format Version 12.00
Project("{2150E333-8FDC-42A3-9474-1A3956D46DE8}") = "Src", "Src", "{95980E4E-3667-4E6F-B49F-ED7FE8B83C8A}"
EndProject
Project("{2150E333-8FDC-42A3-9474-1A3956D46DE8}") = "Tests", "Tests", "{8E6DCD18-35A1-4A6C-A751-43D8C9605D3F}"
EndProject
Project("{2150E333-8FDC-42A3-9474-1A3956D46DE8}") = "Back-End", "Back-End", "{D2747394-076E-490C-887B-427E24BC5C02}"
EndProject
Project("{FAE04EC0-301F-11D3-BF4B-00C04F79EFBC}") = "Banking.API", "Banking.API\Banking.API.csproj", "{7E268AA1-2C98-4CC2-91B6-B5CA152675C1}"
EndProject
Project("{FAE04EC0-301F-11D3-BF4B-00C04F79EFBC}") = "Banking.Infrastructure", "Banking.Infrastructure\Banking.Infrastructure.csproj", "{3CFAC668-7229-47BF-8EE8-11AB2CA809B5}"
EndProject
Project("{FAE04EC0-301F-11D3-BF4B-00C04F79EFBC}") = "Banking.Application", "Banking.Application\Banking.Application.csproj", "{208268B2-F056-4978-B567-EB2E4E39A957}"
EndProject
Project("{FAE04EC0-301F-11D3-BF4B-00C04F79EFBC}") = "Banking.Domain", "Banking.Domain\Banking.Domain.csproj", "{25F98FC8-5C5D-45D8-9720-D93D0A74FF17}"
EndProject
Global
	GlobalSection(SolutionConfigurationPlatforms) = preSolution
		Debug|Any CPU = Debug|Any CPU
		Release|Any CPU = Release|Any CPU
	EndGlobalSection
	GlobalSection(NestedProjects) = preSolution
		{D2747394-076E-490C-887B-427E24BC5C02} = {95980E4E-3667-4E6F-B49F-ED7FE8B83C8A}
		{7E268AA1-2C98-4CC2-91B6-B5CA152675C1} = {D2747394-076E-490C-887B-427E24BC5C02}
		{3CFAC668-7229-47BF-8EE8-11AB2CA809B5} = {D2747394-076E-490C-887B-427E24BC5C02}
		{208268B2-F056-4978-B567-EB2E4E39A957} = {D2747394-076E-490C-887B-427E24BC5C02}
		{25F98FC8-5C5D-45D8-9720-D93D0A74FF17} = {D2747394-076E-490C-887B-427E24BC5C02}
	EndGlobalSection
	GlobalSection(ProjectConfigurationPlatforms) = postSolution
		{7E268AA1-2C98-4CC2-91B6-B5CA152675C1}.Debug|Any CPU.ActiveCfg = Debug|Any CPU
		{7E268AA1-2C98-4CC2-91B6-B5CA152675C1}.Debug|Any CPU.Build.0 = Debug|Any CPU
		{7E268AA1-2C98-4CC2-91B6-B5CA152675C1}.Release|Any CPU.ActiveCfg = Release|Any CPU
		{7E268AA1-2C98-4CC2-91B6-B5CA152675C1}.Release|Any CPU.Build.0 = Release|Any CPU
		{3CFAC668-7229-47BF-8EE8-11AB2CA809B5}.Debug|Any CPU.ActiveCfg = Debug|Any CPU
		{3CFAC668-7229-47BF-8EE8-11AB2CA809B5}.Debug|Any CPU.Build.0 = Debug|Any CPU
		{3CFAC668-7229-47BF-8EE8-11AB2CA809B5}.Release|Any CPU.ActiveCfg = Release|Any CPU
		{3CFAC668-7229-47BF-8EE8-11AB2CA809B5}.Release|Any CPU.Build.0 = Release|Any CPU
		{208268B2-F056-4978-B567-EB2E4E39A957}.Debug|Any CPU.ActiveCfg = Debug|Any CPU
		{208268B2-F056-4978-B567-EB2E4E39A957}.Debug|Any CPU.Build.0 = Debug|Any CPU
		{208268B2-F056-4978-B567-EB2E4E39A957}.Release|Any CPU.ActiveCfg = Release|Any CPU
		{208268B2-F056-4978-B567-EB2E4E39A957}.Release|Any CPU.Build.0 = Release|Any CPU
		{25F98FC8-5C5D-45D8-9720-D93D0A74FF17}.Debug|Any CPU.ActiveCfg = Debug|Any CPU
		{25F98FC8-5C5D-45D8-9720-D93D0A74FF17}.Debug|Any CPU.Build.0 = Debug|Any CPU
		{25F98FC8-5C5D-45D8-9720-D93D0A74FF17}.Release|Any CPU.ActiveCfg = Release|Any CPU
		{25F98FC8-5C5D-45D8-9720-D93D0A74FF17}.Release|Any CPU.Build.0 = Release|Any CPU
	EndGlobalSection
EndGlobal
